// !$*UTF8*$!
{
	archiveVersion = 1;
	classes = {
	};
	objectVersion = 51;
	objects = {

/* Begin PBXBuildFile section */
		94A371B81652031800E67012 /* InfoPlist.strings in Resources */ = {isa = PBXBuildFile; fileRef = 94A371B61652031700E67012 /* InfoPlist.strings */; };
		B68202112232FE2000166BF9 /* NBDDisk.cc in Sources */ = {isa = PBXBuildFile; fileRef = B682020F2232FE2000166BF9 /* NBDDisk.cc */; };
		B68202122232FE2000166BF9 /* NBDDisk.h in Headers */ = {isa = PBXBuildFile; fileRef = B68202102232FE2000166BF9 /* NBDDisk.h */; };
		B6D97C3F2232F6A200D4909D /* NBDDevice.cc in Sources */ = {isa = PBXBuildFile; fileRef = B6D97C3E2232F6A200D4909D /* NBDDevice.cc */; };
		B6D97C422232F71C00D4909D /* NBDManager.cc in Sources */ = {isa = PBXBuildFile; fileRef = B6D97C402232F71C00D4909D /* NBDManager.cc */; };
		B6D97C432232F71C00D4909D /* NBDManager.h in Headers */ = {isa = PBXBuildFile; fileRef = B6D97C412232F71C00D4909D /* NBDManager.h */; };
/* End PBXBuildFile section */

/* Begin PBXFileReference section */
		94A371AE1652031500E67012 /* NBDDisk.kext */ = {isa = PBXFileReference; explicitFileType = wrapper.cfbundle; includeInIndex = 0; path = NBDDisk.kext; sourceTree = BUILT_PRODUCTS_DIR; };
		94A371B21652031600E67012 /* Kernel.framework */ = {isa = PBXFileReference; lastKnownFileType = wrapper.framework; name = Kernel.framework; path = System/Library/Frameworks/Kernel.framework; sourceTree = SDKROOT; };
		94A371B51652031700E67012 /* NBDDisk-Info.plist */ = {isa = PBXFileReference; lastKnownFileType = text.plist.xml; path = "NBDDisk-Info.plist"; sourceTree = "<group>"; };
		94A371B71652031700E67012 /* en */ = {isa = PBXFileReference; lastKnownFileType = text.plist.strings; name = en; path = en.lproj/InfoPlist.strings; sourceTree = "<group>"; };
		B682020F2232FE2000166BF9 /* NBDDisk.cc */ = {isa = PBXFileReference; lastKnownFileType = sourcecode.cpp.cpp; path = NBDDisk.cc; sourceTree = "<group>"; };
		B68202102232FE2000166BF9 /* NBDDisk.h */ = {isa = PBXFileReference; lastKnownFileType = sourcecode.c.h; path = NBDDisk.h; sourceTree = "<group>"; };
		B6D97C3D2232F69000D4909D /* NBDDevice.h */ = {isa = PBXFileReference; lastKnownFileType = sourcecode.c.h; path = NBDDevice.h; sourceTree = "<group>"; };
		B6D97C3E2232F6A200D4909D /* NBDDevice.cc */ = {isa = PBXFileReference; lastKnownFileType = sourcecode.cpp.cpp; path = NBDDevice.cc; sourceTree = "<group>"; };
		B6D97C402232F71C00D4909D /* NBDManager.cc */ = {isa = PBXFileReference; lastKnownFileType = sourcecode.cpp.cpp; path = NBDManager.cc; sourceTree = "<group>"; };
		B6D97C412232F71C00D4909D /* NBDManager.h */ = {isa = PBXFileReference; lastKnownFileType = sourcecode.c.h; path = NBDManager.h; sourceTree = "<group>"; };
/* End PBXFileReference section */

/* Begin PBXFrameworksBuildPhase section */
		94A371A91652031300E67012 /* Frameworks */ = {
			isa = PBXFrameworksBuildPhase;
			buildActionMask = 2147483647;
			files = (
			);
			runOnlyForDeploymentPostprocessing = 0;
		};
/* End PBXFrameworksBuildPhase section */

/* Begin PBXGroup section */
		94A371A11652031200E67012 = {
			isa = PBXGroup;
			children = (
				94A371B31652031600E67012 /* NBDDisk */,
				94A371B01652031500E67012 /* Frameworks */,
				94A371AF1652031500E67012 /* Products */,
			);
			sourceTree = "<group>";
		};
		94A371AF1652031500E67012 /* Products */ = {
			isa = PBXGroup;
			children = (
				94A371AE1652031500E67012 /* NBDDisk.kext */,
			);
			name = Products;
			sourceTree = "<group>";
		};
		94A371B01652031500E67012 /* Frameworks */ = {
			isa = PBXGroup;
			children = (
				94A371B11652031600E67012 /* Other Frameworks */,
			);
			name = Frameworks;
			sourceTree = "<group>";
		};
		94A371B11652031600E67012 /* Other Frameworks */ = {
			isa = PBXGroup;
			children = (
				94A371B21652031600E67012 /* Kernel.framework */,
			);
			name = "Other Frameworks";
			sourceTree = "<group>";
		};
		94A371B31652031600E67012 /* NBDDisk */ = {
			isa = PBXGroup;
			children = (
				94A371B41652031700E67012 /* Supporting Files */,
				B6D97C3D2232F69000D4909D /* NBDDevice.h */,
				B6D97C3E2232F6A200D4909D /* NBDDevice.cc */,
				B6D97C402232F71C00D4909D /* NBDManager.cc */,
				B6D97C412232F71C00D4909D /* NBDManager.h */,
				B682020F2232FE2000166BF9 /* NBDDisk.cc */,
				B68202102232FE2000166BF9 /* NBDDisk.h */,
			);
			path = NBDDisk;
			sourceTree = "<group>";
		};
		94A371B41652031700E67012 /* Supporting Files */ = {
			isa = PBXGroup;
			children = (
				94A371B51652031700E67012 /* NBDDisk-Info.plist */,
				94A371B61652031700E67012 /* InfoPlist.strings */,
			);
			name = "Supporting Files";
			sourceTree = "<group>";
		};
/* End PBXGroup section */

/* Begin PBXHeadersBuildPhase section */
		94A371AA1652031300E67012 /* Headers */ = {
			isa = PBXHeadersBuildPhase;
			buildActionMask = 2147483647;
			files = (
				B68202122232FE2000166BF9 /* NBDDisk.h in Headers */,
				B6D97C432232F71C00D4909D /* NBDManager.h in Headers */,
			);
			runOnlyForDeploymentPostprocessing = 0;
		};
/* End PBXHeadersBuildPhase section */

/* Begin PBXNativeTarget section */
		94A371AD1652031300E67012 /* NBDDisk */ = {
			isa = PBXNativeTarget;
			buildConfigurationList = 94A371BF1652031900E67012 /* Build configuration list for PBXNativeTarget "NBDDisk" */;
			buildPhases = (
				94A371A81652031300E67012 /* Sources */,
				94A371A91652031300E67012 /* Frameworks */,
				94A371AA1652031300E67012 /* Headers */,
				94A371AB1652031300E67012 /* Resources */,
				94A371AC1652031300E67012 /* Rez */,
			);
			buildRules = (
			);
			dependencies = (
			);
			name = NBDDisk;
			productName = NBDDisk;
			productReference = 94A371AE1652031500E67012 /* NBDDisk.kext */;
			productType = "com.apple.product-type.kernel-extension";
		};
/* End PBXNativeTarget section */

/* Begin PBXProject section */
		94A371A31652031300E67012 /* Project object */ = {
			isa = PBXProject;
			attributes = {
				LastUpgradeCheck = 1010;
				ORGANIZATIONNAME = "Steve O'Brien";
			};
			buildConfigurationList = 94A371A61652031300E67012 /* Build configuration list for PBXProject "NBDDisk" */;
			compatibilityVersion = "Xcode 10.0";
			developmentRegion = English;
			hasScannedForEncodings = 0;
			knownRegions = (
				en,
			);
			mainGroup = 94A371A11652031200E67012;
			productRefGroup = 94A371AF1652031500E67012 /* Products */;
			projectDirPath = "";
			projectRoot = "";
			targets = (
				94A371AD1652031300E67012 /* NBDDisk */,
			);
		};
/* End PBXProject section */

/* Begin PBXResourcesBuildPhase section */
		94A371AB1652031300E67012 /* Resources */ = {
			isa = PBXResourcesBuildPhase;
			buildActionMask = 2147483647;
			files = (
				94A371B81652031800E67012 /* InfoPlist.strings in Resources */,
			);
			runOnlyForDeploymentPostprocessing = 0;
		};
/* End PBXResourcesBuildPhase section */

/* Begin PBXRezBuildPhase section */
		94A371AC1652031300E67012 /* Rez */ = {
			isa = PBXRezBuildPhase;
			buildActionMask = 2147483647;
			files = (
			);
			runOnlyForDeploymentPostprocessing = 0;
		};
/* End PBXRezBuildPhase section */

/* Begin PBXSourcesBuildPhase section */
		94A371A81652031300E67012 /* Sources */ = {
			isa = PBXSourcesBuildPhase;
			buildActionMask = 2147483647;
			files = (
				B68202112232FE2000166BF9 /* NBDDisk.cc in Sources */,
				B6D97C422232F71C00D4909D /* NBDManager.cc in Sources */,
				B6D97C3F2232F6A200D4909D /* NBDDevice.cc in Sources */,
			);
			runOnlyForDeploymentPostprocessing = 0;
		};
/* End PBXSourcesBuildPhase section */

/* Begin PBXVariantGroup section */
		94A371B61652031700E67012 /* InfoPlist.strings */ = {
			isa = PBXVariantGroup;
			children = (
				94A371B71652031700E67012 /* en */,
			);
			name = InfoPlist.strings;
			sourceTree = "<group>";
		};
/* End PBXVariantGroup section */

/* Begin XCBuildConfiguration section */
		94A371BD1652031900E67012 /* Debug */ = {
			isa = XCBuildConfiguration;
			buildSettings = {
				ALWAYS_SEARCH_USER_PATHS = NO;
				CLANG_CXX_LANGUAGE_STANDARD = "gnu++17";
				CLANG_CXX_LIBRARY = "libc++";
				CLANG_WARN_BLOCK_CAPTURE_AUTORELEASING = YES;
				CLANG_WARN_BOOL_CONVERSION = YES;
				CLANG_WARN_COMMA = YES;
				CLANG_WARN_CONSTANT_CONVERSION = YES;
				CLANG_WARN_DEPRECATED_OBJC_IMPLEMENTATIONS = YES;
				CLANG_WARN_EMPTY_BODY = YES;
				CLANG_WARN_ENUM_CONVERSION = YES;
				CLANG_WARN_INFINITE_RECURSION = YES;
				CLANG_WARN_INT_CONVERSION = YES;
				CLANG_WARN_NON_LITERAL_NULL_CONVERSION = YES;
				CLANG_WARN_OBJC_IMPLICIT_RETAIN_SELF = YES;
				CLANG_WARN_OBJC_LITERAL_CONVERSION = YES;
				CLANG_WARN_RANGE_LOOP_ANALYSIS = YES;
				CLANG_WARN_STRICT_PROTOTYPES = YES;
				CLANG_WARN_SUSPICIOUS_MOVE = YES;
				CLANG_WARN_UNREACHABLE_CODE = YES;
				CLANG_WARN__DUPLICATE_METHOD_MATCH = YES;
				COPY_PHASE_STRIP = NO;
				ENABLE_STRICT_OBJC_MSGSEND = YES;
				ENABLE_TESTABILITY = YES;
				GCC_C_LANGUAGE_STANDARD = gnu11;
				GCC_DYNAMIC_NO_PIC = NO;
				GCC_ENABLE_OBJC_EXCEPTIONS = YES;
				GCC_NO_COMMON_BLOCKS = YES;
				GCC_OPTIMIZATION_LEVEL = 1;
				GCC_PREPROCESSOR_DEFINITIONS = (
					"DEBUG=1",
					"$(inherited)",
				);
				GCC_SYMBOLS_PRIVATE_EXTERN = NO;
				GCC_WARN_64_TO_32_BIT_CONVERSION = YES;
				GCC_WARN_ABOUT_RETURN_TYPE = YES;
				GCC_WARN_UNDECLARED_SELECTOR = YES;
				GCC_WARN_UNINITIALIZED_AUTOS = YES;
				GCC_WARN_UNUSED_FUNCTION = YES;
				GCC_WARN_UNUSED_VARIABLE = YES;
				MACOSX_DEPLOYMENT_TARGET = 10.8;
				ONLY_ACTIVE_ARCH = YES;
				SDKROOT = macosx;
			};
			name = Debug;
		};
		94A371BE1652031900E67012 /* Release */ = {
			isa = XCBuildConfiguration;
			buildSettings = {
				ALWAYS_SEARCH_USER_PATHS = NO;
				CLANG_CXX_LANGUAGE_STANDARD = "gnu++17";
				CLANG_CXX_LIBRARY = "libc++";
				CLANG_WARN_BLOCK_CAPTURE_AUTORELEASING = YES;
				CLANG_WARN_BOOL_CONVERSION = YES;
				CLANG_WARN_COMMA = YES;
				CLANG_WARN_CONSTANT_CONVERSION = YES;
				CLANG_WARN_DEPRECATED_OBJC_IMPLEMENTATIONS = YES;
				CLANG_WARN_EMPTY_BODY = YES;
				CLANG_WARN_ENUM_CONVERSION = YES;
				CLANG_WARN_INFINITE_RECURSION = YES;
				CLANG_WARN_INT_CONVERSION = YES;
				CLANG_WARN_NON_LITERAL_NULL_CONVERSION = YES;
				CLANG_WARN_OBJC_IMPLICIT_RETAIN_SELF = YES;
				CLANG_WARN_OBJC_LITERAL_CONVERSION = YES;
				CLANG_WARN_RANGE_LOOP_ANALYSIS = YES;
				CLANG_WARN_STRICT_PROTOTYPES = YES;
				CLANG_WARN_SUSPICIOUS_MOVE = YES;
				CLANG_WARN_UNREACHABLE_CODE = YES;
				CLANG_WARN__DUPLICATE_METHOD_MATCH = YES;
				COPY_PHASE_STRIP = YES;
				DEBUG_INFORMATION_FORMAT = "dwarf-with-dsym";
				ENABLE_STRICT_OBJC_MSGSEND = YES;
				GCC_C_LANGUAGE_STANDARD = gnu11;
				GCC_ENABLE_OBJC_EXCEPTIONS = YES;
				GCC_NO_COMMON_BLOCKS = YES;
				GCC_WARN_64_TO_32_BIT_CONVERSION = YES;
				GCC_WARN_ABOUT_RETURN_TYPE = YES;
				GCC_WARN_UNDECLARED_SELECTOR = YES;
				GCC_WARN_UNINITIALIZED_AUTOS = YES;
				GCC_WARN_UNUSED_FUNCTION = YES;
				GCC_WARN_UNUSED_VARIABLE = YES;
				MACOSX_DEPLOYMENT_TARGET = 10.8;
				ONLY_ACTIVE_ARCH = YES;
				SDKROOT = macosx;
			};
			name = Release;
		};
		94A371C01652031900E67012 /* Debug */ = {
			isa = XCBuildConfiguration;
			buildSettings = {
				CLANG_ENABLE_OBJC_WEAK = YES;
				COMBINE_HIDPI_IMAGES = YES;
				CURRENT_PROJECT_VERSION = 1.0.1;
				GCC_OPTIMIZATION_LEVEL = s;
				GCC_PRECOMPILE_PREFIX_HEADER = NO;
				GCC_VERSION = "";
				INFOPLIST_FILE = "NBDDisk/NBDDisk-Info.plist";
				MACOSX_DEPLOYMENT_TARGET = 10.14;
				MODULE_NAME = cc.obrien.NBDDisk;
				MODULE_VERSION = 1.0.1;
				PRODUCT_BUNDLE_IDENTIFIER = "cc.obrien.${PRODUCT_NAME:rfc1034identifier}";
				PRODUCT_NAME = "$(TARGET_NAME)";
				SDKROOT = macosx;
				WRAPPER_EXTENSION = kext;
			};
			name = Debug;
		};
		94A371C11652031900E67012 /* Release */ = {
			isa = XCBuildConfiguration;
			buildSettings = {
				CLANG_ENABLE_OBJC_WEAK = YES;
				COMBINE_HIDPI_IMAGES = YES;
				CURRENT_PROJECT_VERSION = 1.0.1;
				GCC_OPTIMIZATION_LEVEL = s;
				GCC_PRECOMPILE_PREFIX_HEADER = NO;
				GCC_VERSION = "";
				INFOPLIST_FILE = "NBDDisk/NBDDisk-Info.plist";
				MACOSX_DEPLOYMENT_TARGET = 10.14;
				MODULE_NAME = cc.obrien.NBDDisk;
				MODULE_VERSION = 1.0.1;
				ONLY_ACTIVE_ARCH = YES;
				PRODUCT_BUNDLE_IDENTIFIER = "cc.obrien.${PRODUCT_NAME:rfc1034identifier}";
				PRODUCT_NAME = "$(TARGET_NAME)";
				SDKROOT = macosx;
				WRAPPER_EXTENSION = kext;
			};
			name = Release;
		};
/* End XCBuildConfiguration section */

/* Begin XCConfigurationList section */
		94A371A61652031300E67012 /* Build configuration list for PBXProject "NBDDisk" */ = {
			isa = XCConfigurationList;
			buildConfigurations = (
				94A371BD1652031900E67012 /* Debug */,
				94A371BE1652031900E67012 /* Release */,
			);
			defaultConfigurationIsVisible = 0;
			defaultConfigurationName = Release;
		};
		94A371BF1652031900E67012 /* Build configuration list for PBXNativeTarget "NBDDisk" */ = {
			isa = XCConfigurationList;
			buildConfigurations = (
				94A371C01652031900E67012 /* Debug */,
				94A371C11652031900E67012 /* Release */,
			);
			defaultConfigurationIsVisible = 0;
			defaultConfigurationName = Release;
		};
/* End XCConfigurationList section */
	};
	rootObject = 94A371A31652031300E67012 /* Project object */;
}
